
Microsoft Visual Studio Solution File, Format Version 12.00
# Visual Studio Version 16
VisualStudioVersion = 16.0.29215.179
MinimumVisualStudioVersion = 10.0.40219.1
Project("{FAE04EC0-301F-11D3-BF4B-00C04F79EFBC}") = "binarysearch", "binarysearch\binarysearch.csproj", "{AE756CEE-0547-4C76-BA93-056B71ECA86C}"
EndProject
Global
	GlobalSection(SolutionConfigurationPlatforms) = preSolution
		Debug|Any CPU = Debug|Any CPU
		Release|Any CPU = Release|Any CPU
	EndGlobalSection
	GlobalSection(ProjectConfigurationPlatforms) = postSolution
		{AE756CEE-0547-4C76-BA93-056B71ECA86C}.Debug|Any CPU.ActiveCfg = Debug|Any CPU
		{AE756CEE-0547-4C76-BA93-056B71ECA86C}.Debug|Any CPU.Build.0 = Debug|Any CPU
		{AE756CEE-0547-4C76-BA93-056B71ECA86C}.Release|Any CPU.ActiveCfg = Release|Any CPU
		{AE756CEE-0547-4C76-BA93-056B71ECA86C}.Release|Any CPU.Build.0 = Release|Any CPU
	EndGlobalSection
	GlobalSection(SolutionProperties) = preSolution
		HideSolutionNode = FALSE
	EndGlobalSection
	GlobalSection(ExtensibilityGlobals) = postSolution
		SolutionGuid = {82F3D51A-7BB3-4F62-B2A7-EA26AE05491A}
	EndGlobalSection
EndGlobal
